
Microsoft Visual Studio Solution File, Format Version 12.00
# Visual Studio Version 16
VisualStudioVersion = 16.0.30201.15
MinimumVisualStudioVersion = 10.0.40219.1
Project("{FAE04EC0-301F-11D3-BF4B-00C04F79EFBC}") = "DiagnosticSourceTracing", "DiagnosticSourceTracing\DiagnosticSourceTracing.csproj", "{7890FB04-024D-4C0A-B65F-043876A806C3}"
EndProject
Project("{2150E333-8FDC-42A3-9474-1A3956D46DE8}") = "Solution Items", "Solution Items", "{2EE594BD-D53F-45F5-A00D-04D049B58EFA}"
	ProjectSection(SolutionItems) = preProject
		README.md = README.md
	EndProjectSection
EndProject
Global
	GlobalSection(SolutionConfigurationPlatforms) = preSolution
		Debug|Any CPU = Debug|Any CPU
		Release|Any CPU = Release|Any CPU
	EndGlobalSection
	GlobalSection(ProjectConfigurationPlatforms) = postSolution
		{7890FB04-024D-4C0A-B65F-043876A806C3}.Debug|Any CPU.ActiveCfg = Debug|Any CPU
		{7890FB04-024D-4C0A-B65F-043876A806C3}.Debug|Any CPU.Build.0 = Debug|Any CPU
		{7890FB04-024D-4C0A-B65F-043876A806C3}.Release|Any CPU.ActiveCfg = Release|Any CPU
		{7890FB04-024D-4C0A-B65F-043876A806C3}.Release|Any CPU.Build.0 = Release|Any CPU
	EndGlobalSection
	GlobalSection(SolutionProperties) = preSolution
		HideSolutionNode = FALSE
	EndGlobalSection
	GlobalSection(ExtensibilityGlobals) = postSolution
		SolutionGuid = {024FE457-E85C-4706-B52F-6C7202C509CA}
	EndGlobalSection
EndGlobal
